<?xml version="1.0" encoding="utf-8"?>
<Project ToolsVersion="17.0" xmlns="http://schemas.microsoft.com/developer/msbuild/2003">
  <ItemGroup>
    <ClCompile Include="E:\CPP\repos\CPPTrainingHubCoursesExercisesRepository\Learn C++ and Make a Game from Scratch\LightYears\LightYearsGame\src\gameFramework\GameApplication.cpp">
      <Filter>Source Files</Filter>
    </ClCompile>
  </ItemGroup>
  <ItemGroup>
    <ClInclude Include="E:\CPP\repos\CPPTrainingHubCoursesExercisesRepository\Learn C++ and Make a Game from Scratch\LightYears\LightYearsGame\include\gameFramework\GameApplication.h">
      <Filter>Header Files</Filter>
    </ClInclude>
  </ItemGroup>
  <ItemGroup>
    <CustomBuild Include="E:\CPP\repos\CPPTrainingHubCoursesExercisesRepository\Learn C++ and Make a Game from Scratch\LightYears\LightYearsGame\CMakeLists.txt" />
  </ItemGroup>
  <ItemGroup>
    <Filter Include="Header Files">
      <UniqueIdentifier>{BCFBBAFE-8130-3416-B412-B50175CF361E}</UniqueIdentifier>
    </Filter>
    <Filter Include="Source Files">
      <UniqueIdentifier>{6B48AED0-55FC-3133-A0A8-AC1181B5C5C8}</UniqueIdentifier>
    </Filter>
  </ItemGroup>
</Project>
